
Microsoft Visual Studio Solution File, Format Version 12.00
# Visual Studio Version 16
VisualStudioVersion = 16.0.29709.97
MinimumVisualStudioVersion = 10.0.40219.1
Project("{FAE04EC0-301F-11D3-BF4B-00C04F79EFBC}") = "Poker", "Poker\Poker.csproj", "{BB082F68-65E0-4141-997D-82C739AFB0F6}"
EndProject
Project("{FAE04EC0-301F-11D3-BF4B-00C04F79EFBC}") = "PokerTests", "PokerTests\PokerTests.csproj", "{CEC5933E-1B46-4364-9676-4A055C18726E}"
EndProject
Global
	GlobalSection(SolutionConfigurationPlatforms) = preSolution
		Debug|Any CPU = Debug|Any CPU
		Release|Any CPU = Release|Any CPU
	EndGlobalSection
	GlobalSection(ProjectConfigurationPlatforms) = postSolution
		{BB082F68-65E0-4141-997D-82C739AFB0F6}.Debug|Any CPU.ActiveCfg = Debug|Any CPU
		{BB082F68-65E0-4141-997D-82C739AFB0F6}.Debug|Any CPU.Build.0 = Debug|Any CPU
		{BB082F68-65E0-4141-997D-82C739AFB0F6}.Release|Any CPU.ActiveCfg = Release|Any CPU
		{BB082F68-65E0-4141-997D-82C739AFB0F6}.Release|Any CPU.Build.0 = Release|Any CPU
		{CEC5933E-1B46-4364-9676-4A055C18726E}.Debug|Any CPU.ActiveCfg = Debug|Any CPU
		{CEC5933E-1B46-4364-9676-4A055C18726E}.Debug|Any CPU.Build.0 = Debug|Any CPU
		{CEC5933E-1B46-4364-9676-4A055C18726E}.Release|Any CPU.ActiveCfg = Release|Any CPU
		{CEC5933E-1B46-4364-9676-4A055C18726E}.Release|Any CPU.Build.0 = Release|Any CPU
	EndGlobalSection
	GlobalSection(SolutionProperties) = preSolution
		HideSolutionNode = FALSE
	EndGlobalSection
	GlobalSection(ExtensibilityGlobals) = postSolution
		SolutionGuid = {C7C32404-5F0D-4CF4-A7B4-4C15816F1DDB}
	EndGlobalSection
EndGlobal
